
Microsoft Visual Studio Solution File, Format Version 12.00
# Visual Studio 14
VisualStudioVersion = 14.0.24720.0
MinimumVisualStudioVersion = 10.0.40219.1
Project("{FAE04EC0-301F-11D3-BF4B-00C04F79EFBC}") = "ConsoleApplication", "ConsoleApplication\ConsoleApplication.csproj", "{58F95E2E-0632-4322-B384-C32AC09F22B2}"
EndProject
Project("{FAE04EC0-301F-11D3-BF4B-00C04F79EFBC}") = "Model", "Model\Model.csproj", "{19F94518-78CF-48C5-A051-4BE34F0E19EB}"
EndProject
Project("{FAE04EC0-301F-11D3-BF4B-00C04F79EFBC}") = "Data", "Data\Data.csproj", "{D14B07F6-667C-4E08-B21C-4F0C17E1CFF9}"
EndProject
Global
	GlobalSection(SolutionConfigurationPlatforms) = preSolution
		Debug|Any CPU = Debug|Any CPU
		Release|Any CPU = Release|Any CPU
	EndGlobalSection
	GlobalSection(ProjectConfigurationPlatforms) = postSolution
		{58F95E2E-0632-4322-B384-C32AC09F22B2}.Debug|Any CPU.ActiveCfg = Debug|Any CPU
		{58F95E2E-0632-4322-B384-C32AC09F22B2}.Debug|Any CPU.Build.0 = Debug|Any CPU
		{58F95E2E-0632-4322-B384-C32AC09F22B2}.Release|Any CPU.ActiveCfg = Release|Any CPU
		{58F95E2E-0632-4322-B384-C32AC09F22B2}.Release|Any CPU.Build.0 = Release|Any CPU
		{19F94518-78CF-48C5-A051-4BE34F0E19EB}.Debug|Any CPU.ActiveCfg = Debug|Any CPU
		{19F94518-78CF-48C5-A051-4BE34F0E19EB}.Debug|Any CPU.Build.0 = Debug|Any CPU
		{19F94518-78CF-48C5-A051-4BE34F0E19EB}.Release|Any CPU.ActiveCfg = Release|Any CPU
		{19F94518-78CF-48C5-A051-4BE34F0E19EB}.Release|Any CPU.Build.0 = Release|Any CPU
		{D14B07F6-667C-4E08-B21C-4F0C17E1CFF9}.Debug|Any CPU.ActiveCfg = Debug|Any CPU
		{D14B07F6-667C-4E08-B21C-4F0C17E1CFF9}.Debug|Any CPU.Build.0 = Debug|Any CPU
		{D14B07F6-667C-4E08-B21C-4F0C17E1CFF9}.Release|Any CPU.ActiveCfg = Release|Any CPU
		{D14B07F6-667C-4E08-B21C-4F0C17E1CFF9}.Release|Any CPU.Build.0 = Release|Any CPU
	EndGlobalSection
	GlobalSection(SolutionProperties) = preSolution
		HideSolutionNode = FALSE
	EndGlobalSection
EndGlobal
